
Microsoft Visual Studio Solution File, Format Version 12.00
# Visual Studio Version 17
VisualStudioVersion = 17.6.33829.357
MinimumVisualStudioVersion = 10.0.40219.1
Project("{FAE04EC0-301F-11D3-BF4B-00C04F79EFBC}") = "TestingCommits", "TestingCommits\TestingCommits.csproj", "{B9D3AD2F-4194-4D8B-8F39-73905C198918}"
EndProject
Global
	GlobalSection(SolutionConfigurationPlatforms) = preSolution
		Debug|Any CPU = Debug|Any CPU
		Release|Any CPU = Release|Any CPU
	EndGlobalSection
	GlobalSection(ProjectConfigurationPlatforms) = postSolution
		{B9D3AD2F-4194-4D8B-8F39-73905C198918}.Debug|Any CPU.ActiveCfg = Debug|Any CPU
		{B9D3AD2F-4194-4D8B-8F39-73905C198918}.Debug|Any CPU.Build.0 = Debug|Any CPU
		{B9D3AD2F-4194-4D8B-8F39-73905C198918}.Release|Any CPU.ActiveCfg = Release|Any CPU
		{B9D3AD2F-4194-4D8B-8F39-73905C198918}.Release|Any CPU.Build.0 = Release|Any CPU
	EndGlobalSection
	GlobalSection(SolutionProperties) = preSolution
		HideSolutionNode = FALSE
	EndGlobalSection
	GlobalSection(ExtensibilityGlobals) = postSolution
		SolutionGuid = {EA2F8ED9-6B01-498E-81E4-D81015BE49DB}
	EndGlobalSection
EndGlobal
